
Microsoft Visual Studio Solution File, Format Version 12.00
# Visual Studio 15
Project("{FAE04EC0-301F-11D3-BF4B-00C04F79EFBC}") = "Crest", "Crest.csproj", "{108B3AC2-7981-8289-26E1-B39907984B09}"
EndProject
Project("{FAE04EC0-301F-11D3-BF4B-00C04F79EFBC}") = "Assembly-CSharp", "Assembly-CSharp.csproj", "{4ADC8BC2-34FF-2544-6924-E77E9C36C1AF}"
EndProject
Project("{FAE04EC0-301F-11D3-BF4B-00C04F79EFBC}") = "Unity.RenderPipelines.Universal.Runtime", "Unity.RenderPipelines.Universal.Runtime.csproj", "{C59ABA6F-A832-3EBC-B3B5-EFD316689002}"
EndProject
Project("{FAE04EC0-301F-11D3-BF4B-00C04F79EFBC}") = "Assembly-CSharp-firstpass", "Assembly-CSharp-firstpass.csproj", "{9D673A50-202F-4189-0A28-14D6A48C1D20}"
EndProject
Project("{FAE04EC0-301F-11D3-BF4B-00C04F79EFBC}") = "StompyRobot.SRF", "StompyRobot.SRF.csproj", "{1B417520-4B00-1EB1-9A04-BFE488973FC4}"
EndProject
Project("{FAE04EC0-301F-11D3-BF4B-00C04F79EFBC}") = "StompyRobot.SRDebugger", "StompyRobot.SRDebugger.csproj", "{77DA55BD-029C-1ACE-31F4-2DC08AECA220}"
EndProject
Project("{FAE04EC0-301F-11D3-BF4B-00C04F79EFBC}") = "MudBun", "MudBun.csproj", "{58FD19DB-096F-3D1F-5751-FC6D65F36C88}"
EndProject
Project("{FAE04EC0-301F-11D3-BF4B-00C04F79EFBC}") = "Crest.Examples", "Crest.Examples.csproj", "{2CA930CE-CDAC-1A56-B21B-EAE7BB4B07C6}"
EndProject
Project("{FAE04EC0-301F-11D3-BF4B-00C04F79EFBC}") = "MK.Toon.Examples", "MK.Toon.Examples.csproj", "{B037EDF5-19BB-6A85-53E7-D12737E70A69}"
EndProject
Project("{FAE04EC0-301F-11D3-BF4B-00C04F79EFBC}") = "MK.Toon", "MK.Toon.csproj", "{9E72F575-A83D-BD68-FBB8-7AAE9CF503A3}"
EndProject
Project("{FAE04EC0-301F-11D3-BF4B-00C04F79EFBC}") = "MudBun.Manager", "MudBun.Manager.csproj", "{BE5E9F75-16E8-C457-E739-BF078AB293F4}"
EndProject
Project("{FAE04EC0-301F-11D3-BF4B-00C04F79EFBC}") = "AmplifyShaderEditor", "AmplifyShaderEditor.csproj", "{04DD196D-0417-BA6B-852D-703B8ABEEF50}"
EndProject
Project("{FAE04EC0-301F-11D3-BF4B-00C04F79EFBC}") = "Assembly-CSharp-Editor-firstpass", "Assembly-CSharp-Editor-firstpass.csproj", "{B2ACE213-6E3F-2CAF-DAF3-889B5259DFCE}"
EndProject
Project("{FAE04EC0-301F-11D3-BF4B-00C04F79EFBC}") = "MK.Toon.Editor", "MK.Toon.Editor.csproj", "{1545D50E-3697-41C5-57D9-0CEC8D3105C9}"
EndProject
Project("{FAE04EC0-301F-11D3-BF4B-00C04F79EFBC}") = "Assembly-CSharp-Editor", "Assembly-CSharp-Editor.csproj", "{568443C3-574D-F865-D6B3-AE9D827A57D7}"
EndProject
Project("{FAE04EC0-301F-11D3-BF4B-00C04F79EFBC}") = "MudBun.Editor", "MudBun.Editor.csproj", "{6764DB72-E5F3-C012-093A-72BD3B0580E3}"
EndProject
Project("{FAE04EC0-301F-11D3-BF4B-00C04F79EFBC}") = "StompyRobot.SRF.Editor", "StompyRobot.SRF.Editor.csproj", "{BCCA5135-1E00-AAEA-BCD3-D423292A08E5}"
EndProject
Project("{FAE04EC0-301F-11D3-BF4B-00C04F79EFBC}") = "StompyRobot.SRDebugger.Editor", "StompyRobot.SRDebugger.Editor.csproj", "{1A1A6058-DB5F-2391-1D4D-CB3E0682DA86}"
EndProject
Project("{FAE04EC0-301F-11D3-BF4B-00C04F79EFBC}") = "Crest.Helpers.Editor", "Crest.Helpers.Editor.csproj", "{1377DB0B-FCFC-7589-99EE-841D5BD8FA7C}"
EndProject
Project("{FAE04EC0-301F-11D3-BF4B-00C04F79EFBC}") = "MK.RampCreator", "MK.RampCreator.csproj", "{F110B1C7-70C9-899E-A2D9-7796D5C83A6E}"
EndProject
Project("{FAE04EC0-301F-11D3-BF4B-00C04F79EFBC}") = "Unity.UniversalToonShader.Urp.Editor", "Unity.UniversalToonShader.Urp.Editor.csproj", "{86E90742-2DF9-7E78-119A-8F674FB2FB29}"
EndProject
Project("{FAE04EC0-301F-11D3-BF4B-00C04F79EFBC}") = "MudBun.Customization.Editor", "MudBun.Customization.Editor.csproj", "{50A601E4-E64A-8915-04AE-0AEF837B1D79}"
EndProject
Project("{FAE04EC0-301F-11D3-BF4B-00C04F79EFBC}") = "MK.MKTextureChannelPacker", "MK.MKTextureChannelPacker.csproj", "{E5B1E2AF-35B2-C272-C964-ABB51898752C}"
EndProject
Project("{FAE04EC0-301F-11D3-BF4B-00C04F79EFBC}") = "MK.MeshUtility", "MK.MeshUtility.csproj", "{10F73D41-9EC3-A498-60E2-6445B1E24C8E}"
EndProject
Global
	GlobalSection(SolutionConfigurationPlatforms) = preSolution
		Debug|Any CPU = Debug|Any CPU
		Release|Any CPU = Release|Any CPU
	EndGlobalSection
	GlobalSection(ProjectConfigurationPlatforms) = postSolution
		{108B3AC2-7981-8289-26E1-B39907984B09}.Debug|Any CPU.ActiveCfg = Debug|Any CPU
		{108B3AC2-7981-8289-26E1-B39907984B09}.Debug|Any CPU.Build.0 = Debug|Any CPU
		{108B3AC2-7981-8289-26E1-B39907984B09}.Release|Any CPU.ActiveCfg = Release|Any CPU
		{108B3AC2-7981-8289-26E1-B39907984B09}.Release|Any CPU.Build.0 = Release|Any CPU
		{4ADC8BC2-34FF-2544-6924-E77E9C36C1AF}.Debug|Any CPU.ActiveCfg = Debug|Any CPU
		{4ADC8BC2-34FF-2544-6924-E77E9C36C1AF}.Debug|Any CPU.Build.0 = Debug|Any CPU
		{4ADC8BC2-34FF-2544-6924-E77E9C36C1AF}.Release|Any CPU.ActiveCfg = Release|Any CPU
		{4ADC8BC2-34FF-2544-6924-E77E9C36C1AF}.Release|Any CPU.Build.0 = Release|Any CPU
		{C59ABA6F-A832-3EBC-B3B5-EFD316689002}.Debug|Any CPU.ActiveCfg = Debug|Any CPU
		{C59ABA6F-A832-3EBC-B3B5-EFD316689002}.Debug|Any CPU.Build.0 = Debug|Any CPU
		{C59ABA6F-A832-3EBC-B3B5-EFD316689002}.Release|Any CPU.ActiveCfg = Release|Any CPU
		{C59ABA6F-A832-3EBC-B3B5-EFD316689002}.Release|Any CPU.Build.0 = Release|Any CPU
		{9D673A50-202F-4189-0A28-14D6A48C1D20}.Debug|Any CPU.ActiveCfg = Debug|Any CPU
		{9D673A50-202F-4189-0A28-14D6A48C1D20}.Debug|Any CPU.Build.0 = Debug|Any CPU
		{9D673A50-202F-4189-0A28-14D6A48C1D20}.Release|Any CPU.ActiveCfg = Release|Any CPU
		{9D673A50-202F-4189-0A28-14D6A48C1D20}.Release|Any CPU.Build.0 = Release|Any CPU
		{1B417520-4B00-1EB1-9A04-BFE488973FC4}.Debug|Any CPU.ActiveCfg = Debug|Any CPU
		{1B417520-4B00-1EB1-9A04-BFE488973FC4}.Debug|Any CPU.Build.0 = Debug|Any CPU
		{1B417520-4B00-1EB1-9A04-BFE488973FC4}.Release|Any CPU.ActiveCfg = Release|Any CPU
		{1B417520-4B00-1EB1-9A04-BFE488973FC4}.Release|Any CPU.Build.0 = Release|Any CPU
		{77DA55BD-029C-1ACE-31F4-2DC08AECA220}.Debug|Any CPU.ActiveCfg = Debug|Any CPU
		{77DA55BD-029C-1ACE-31F4-2DC08AECA220}.Debug|Any CPU.Build.0 = Debug|Any CPU
		{77DA55BD-029C-1ACE-31F4-2DC08AECA220}.Release|Any CPU.ActiveCfg = Release|Any CPU
		{77DA55BD-029C-1ACE-31F4-2DC08AECA220}.Release|Any CPU.Build.0 = Release|Any CPU
		{58FD19DB-096F-3D1F-5751-FC6D65F36C88}.Debug|Any CPU.ActiveCfg = Debug|Any CPU
		{58FD19DB-096F-3D1F-5751-FC6D65F36C88}.Debug|Any CPU.Build.0 = Debug|Any CPU
		{58FD19DB-096F-3D1F-5751-FC6D65F36C88}.Release|Any CPU.ActiveCfg = Release|Any CPU
		{58FD19DB-096F-3D1F-5751-FC6D65F36C88}.Release|Any CPU.Build.0 = Release|Any CPU
		{2CA930CE-CDAC-1A56-B21B-EAE7BB4B07C6}.Debug|Any CPU.ActiveCfg = Debug|Any CPU
		{2CA930CE-CDAC-1A56-B21B-EAE7BB4B07C6}.Debug|Any CPU.Build.0 = Debug|Any CPU
		{2CA930CE-CDAC-1A56-B21B-EAE7BB4B07C6}.Release|Any CPU.ActiveCfg = Release|Any CPU
		{2CA930CE-CDAC-1A56-B21B-EAE7BB4B07C6}.Release|Any CPU.Build.0 = Release|Any CPU
		{B037EDF5-19BB-6A85-53E7-D12737E70A69}.Debug|Any CPU.ActiveCfg = Debug|Any CPU
		{B037EDF5-19BB-6A85-53E7-D12737E70A69}.Debug|Any CPU.Build.0 = Debug|Any CPU
		{B037EDF5-19BB-6A85-53E7-D12737E70A69}.Release|Any CPU.ActiveCfg = Release|Any CPU
		{B037EDF5-19BB-6A85-53E7-D12737E70A69}.Release|Any CPU.Build.0 = Release|Any CPU
		{9E72F575-A83D-BD68-FBB8-7AAE9CF503A3}.Debug|Any CPU.ActiveCfg = Debug|Any CPU
		{9E72F575-A83D-BD68-FBB8-7AAE9CF503A3}.Debug|Any CPU.Build.0 = Debug|Any CPU
		{9E72F575-A83D-BD68-FBB8-7AAE9CF503A3}.Release|Any CPU.ActiveCfg = Release|Any CPU
		{9E72F575-A83D-BD68-FBB8-7AAE9CF503A3}.Release|Any CPU.Build.0 = Release|Any CPU
		{BE5E9F75-16E8-C457-E739-BF078AB293F4}.Debug|Any CPU.ActiveCfg = Debug|Any CPU
		{BE5E9F75-16E8-C457-E739-BF078AB293F4}.Debug|Any CPU.Build.0 = Debug|Any CPU
		{BE5E9F75-16E8-C457-E739-BF078AB293F4}.Release|Any CPU.ActiveCfg = Release|Any CPU
		{BE5E9F75-16E8-C457-E739-BF078AB293F4}.Release|Any CPU.Build.0 = Release|Any CPU
		{04DD196D-0417-BA6B-852D-703B8ABEEF50}.Debug|Any CPU.ActiveCfg = Debug|Any CPU
		{04DD196D-0417-BA6B-852D-703B8ABEEF50}.Debug|Any CPU.Build.0 = Debug|Any CPU
		{04DD196D-0417-BA6B-852D-703B8ABEEF50}.Release|Any CPU.ActiveCfg = Release|Any CPU
		{04DD196D-0417-BA6B-852D-703B8ABEEF50}.Release|Any CPU.Build.0 = Release|Any CPU
		{B2ACE213-6E3F-2CAF-DAF3-889B5259DFCE}.Debug|Any CPU.ActiveCfg = Debug|Any CPU
		{B2ACE213-6E3F-2CAF-DAF3-889B5259DFCE}.Debug|Any CPU.Build.0 = Debug|Any CPU
		{B2ACE213-6E3F-2CAF-DAF3-889B5259DFCE}.Release|Any CPU.ActiveCfg = Release|Any CPU
		{B2ACE213-6E3F-2CAF-DAF3-889B5259DFCE}.Release|Any CPU.Build.0 = Release|Any CPU
		{1545D50E-3697-41C5-57D9-0CEC8D3105C9}.Debug|Any CPU.ActiveCfg = Debug|Any CPU
		{1545D50E-3697-41C5-57D9-0CEC8D3105C9}.Debug|Any CPU.Build.0 = Debug|Any CPU
		{1545D50E-3697-41C5-57D9-0CEC8D3105C9}.Release|Any CPU.ActiveCfg = Release|Any CPU
		{1545D50E-3697-41C5-57D9-0CEC8D3105C9}.Release|Any CPU.Build.0 = Release|Any CPU
		{568443C3-574D-F865-D6B3-AE9D827A57D7}.Debug|Any CPU.ActiveCfg = Debug|Any CPU
		{568443C3-574D-F865-D6B3-AE9D827A57D7}.Debug|Any CPU.Build.0 = Debug|Any CPU
		{568443C3-574D-F865-D6B3-AE9D827A57D7}.Release|Any CPU.ActiveCfg = Release|Any CPU
		{568443C3-574D-F865-D6B3-AE9D827A57D7}.Release|Any CPU.Build.0 = Release|Any CPU
		{6764DB72-E5F3-C012-093A-72BD3B0580E3}.Debug|Any CPU.ActiveCfg = Debug|Any CPU
		{6764DB72-E5F3-C012-093A-72BD3B0580E3}.Debug|Any CPU.Build.0 = Debug|Any CPU
		{6764DB72-E5F3-C012-093A-72BD3B0580E3}.Release|Any CPU.ActiveCfg = Release|Any CPU
		{6764DB72-E5F3-C012-093A-72BD3B0580E3}.Release|Any CPU.Build.0 = Release|Any CPU
		{BCCA5135-1E00-AAEA-BCD3-D423292A08E5}.Debug|Any CPU.ActiveCfg = Debug|Any CPU
		{BCCA5135-1E00-AAEA-BCD3-D423292A08E5}.Debug|Any CPU.Build.0 = Debug|Any CPU
		{BCCA5135-1E00-AAEA-BCD3-D423292A08E5}.Release|Any CPU.ActiveCfg = Release|Any CPU
		{BCCA5135-1E00-AAEA-BCD3-D423292A08E5}.Release|Any CPU.Build.0 = Release|Any CPU
		{1A1A6058-DB5F-2391-1D4D-CB3E0682DA86}.Debug|Any CPU.ActiveCfg = Debug|Any CPU
		{1A1A6058-DB5F-2391-1D4D-CB3E0682DA86}.Debug|Any CPU.Build.0 = Debug|Any CPU
		{1A1A6058-DB5F-2391-1D4D-CB3E0682DA86}.Release|Any CPU.ActiveCfg = Release|Any CPU
		{1A1A6058-DB5F-2391-1D4D-CB3E0682DA86}.Release|Any CPU.Build.0 = Release|Any CPU
		{1377DB0B-FCFC-7589-99EE-841D5BD8FA7C}.Debug|Any CPU.ActiveCfg = Debug|Any CPU
		{1377DB0B-FCFC-7589-99EE-841D5BD8FA7C}.Debug|Any CPU.Build.0 = Debug|Any CPU
		{1377DB0B-FCFC-7589-99EE-841D5BD8FA7C}.Release|Any CPU.ActiveCfg = Release|Any CPU
		{1377DB0B-FCFC-7589-99EE-841D5BD8FA7C}.Release|Any CPU.Build.0 = Release|Any CPU
		{F110B1C7-70C9-899E-A2D9-7796D5C83A6E}.Debug|Any CPU.ActiveCfg = Debug|Any CPU
		{F110B1C7-70C9-899E-A2D9-7796D5C83A6E}.Debug|Any CPU.Build.0 = Debug|Any CPU
		{F110B1C7-70C9-899E-A2D9-7796D5C83A6E}.Release|Any CPU.ActiveCfg = Release|Any CPU
		{F110B1C7-70C9-899E-A2D9-7796D5C83A6E}.Release|Any CPU.Build.0 = Release|Any CPU
		{86E90742-2DF9-7E78-119A-8F674FB2FB29}.Debug|Any CPU.ActiveCfg = Debug|Any CPU
		{86E90742-2DF9-7E78-119A-8F674FB2FB29}.Debug|Any CPU.Build.0 = Debug|Any CPU
		{86E90742-2DF9-7E78-119A-8F674FB2FB29}.Release|Any CPU.ActiveCfg = Release|Any CPU
		{86E90742-2DF9-7E78-119A-8F674FB2FB29}.Release|Any CPU.Build.0 = Release|Any CPU
		{50A601E4-E64A-8915-04AE-0AEF837B1D79}.Debug|Any CPU.ActiveCfg = Debug|Any CPU
		{50A601E4-E64A-8915-04AE-0AEF837B1D79}.Debug|Any CPU.Build.0 = Debug|Any CPU
		{50A601E4-E64A-8915-04AE-0AEF837B1D79}.Release|Any CPU.ActiveCfg = Release|Any CPU
		{50A601E4-E64A-8915-04AE-0AEF837B1D79}.Release|Any CPU.Build.0 = Release|Any CPU
		{E5B1E2AF-35B2-C272-C964-ABB51898752C}.Debug|Any CPU.ActiveCfg = Debug|Any CPU
		{E5B1E2AF-35B2-C272-C964-ABB51898752C}.Debug|Any CPU.Build.0 = Debug|Any CPU
		{E5B1E2AF-35B2-C272-C964-ABB51898752C}.Release|Any CPU.ActiveCfg = Release|Any CPU
		{E5B1E2AF-35B2-C272-C964-ABB51898752C}.Release|Any CPU.Build.0 = Release|Any CPU
		{10F73D41-9EC3-A498-60E2-6445B1E24C8E}.Debug|Any CPU.ActiveCfg = Debug|Any CPU
		{10F73D41-9EC3-A498-60E2-6445B1E24C8E}.Debug|Any CPU.Build.0 = Debug|Any CPU
		{10F73D41-9EC3-A498-60E2-6445B1E24C8E}.Release|Any CPU.ActiveCfg = Release|Any CPU
		{10F73D41-9EC3-A498-60E2-6445B1E24C8E}.Release|Any CPU.Build.0 = Release|Any CPU
	EndGlobalSection
	GlobalSection(SolutionProperties) = preSolution
		HideSolutionNode = FALSE
	EndGlobalSection
EndGlobal
